
Microsoft Visual Studio Solution File, Format Version 12.00
# Visual Studio Version 16
VisualStudioVersion = 16.0.30907.101
MinimumVisualStudioVersion = 10.0.40219.1
Project("{FAE04EC0-301F-11D3-BF4B-00C04F79EFBC}") = "VenueBookingAssignment01", "VenueBookingAssignment01\VenueBookingAssignment01.csproj", "{C78F4094-3D85-4BD8-BF1D-082593D1FEFB}"
EndProject
Global
	GlobalSection(SolutionConfigurationPlatforms) = preSolution
		Debug|Any CPU = Debug|Any CPU
		Release|Any CPU = Release|Any CPU
	EndGlobalSection
	GlobalSection(ProjectConfigurationPlatforms) = postSolution
		{C78F4094-3D85-4BD8-BF1D-082593D1FEFB}.Debug|Any CPU.ActiveCfg = Debug|Any CPU
		{C78F4094-3D85-4BD8-BF1D-082593D1FEFB}.Debug|Any CPU.Build.0 = Debug|Any CPU
		{C78F4094-3D85-4BD8-BF1D-082593D1FEFB}.Release|Any CPU.ActiveCfg = Release|Any CPU
		{C78F4094-3D85-4BD8-BF1D-082593D1FEFB}.Release|Any CPU.Build.0 = Release|Any CPU
	EndGlobalSection
	GlobalSection(SolutionProperties) = preSolution
		HideSolutionNode = FALSE
	EndGlobalSection
	GlobalSection(ExtensibilityGlobals) = postSolution
		SolutionGuid = {376FF6D1-FFA7-427F-8E4D-7BCCEB4F0C89}
	EndGlobalSection
EndGlobal
